// !$*UTF8*$!
{
	archiveVersion = 1;
	classes = {
	};
	objectVersion = 56;
	objects = {

/* Begin PBXBuildFile section */
		CA10CAFEDEADBEEF0000F04C /* KeyboardViewController.swift in Sources */ = {isa = PBXBuildFile; fileRef = CA10CAFEDEADBEEF0000F041 /* KeyboardViewController.swift */; };
		CA10CAFEDEADBEEF0000F04D /* DSWToolsView.swift in Sources */ = {isa = PBXBuildFile; fileRef = CA10CAFEDEADBEEF0000F042 /* DSWToolsView.swift */; };
		
		CA10CAFEDEADBEEF0000B001 /* CanhiOSShareApp.swift in Sources */ = {isa = PBXBuildFile; fileRef = CA10CAFEDEADBEEF0000F001 /* CanhiOSShareApp.swift */; };
		CA10CAFEDEADBEEF0000B002 /* ContentView.swift in Sources */ = {isa = PBXBuildFile; fileRef = CA10CAFEDEADBEEF0000F002 /* ContentView.swift */; };
		CA10CAFEDEADBEEF0000B003 /* DesignSystem.swift in Sources */ = {isa = PBXBuildFile; fileRef = CA10CAFEDEADBEEF0000F003 /* DesignSystem.swift */; };
		CA10CAFEDEADBEEF0000B005 /* FileBrowserView.swift in Sources */ = {isa = PBXBuildFile; fileRef = CA10CAFEDEADBEEF0000F005 /* FileBrowserView.swift */; };
		CA10CAFEDEADBEEF0000B007 /* VPNBlockView.swift in Sources */ = {isa = PBXBuildFile; fileRef = CA10CAFEDEADBEEF0000F007 /* VPNBlockView.swift */; };
		CA10CAFEDEADBEEF0000B009 /* SettingsView.swift in Sources */ = {isa = PBXBuildFile; fileRef = CA10CAFEDEADBEEF0000F009 /* SettingsView.swift */; };
		DEADBEEF00000000000SPLASH /* SplashScreenView.swift in Sources */ = {isa = PBXBuildFile; fileRef = DEADBEEF0000000000SPLASH2 /* SplashScreenView.swift */; };
		DEADBEEF000000000DNS00001 /* NextDNSView.swift in Sources */ = {isa = PBXBuildFile; fileRef = DEADBEEF000000000DNS00002 /* NextDNSView.swift */; };
		CA10CAFEDEADBEEF0000B00A /* AppState.swift in Sources */ = {isa = PBXBuildFile; fileRef = CA10CAFEDEADBEEF0000F00A /* AppState.swift */; };
		CA10CAFEDEADBEEF0000B00B /* ContainerStore.swift in Sources */ = {isa = PBXBuildFile; fileRef = CA10CAFEDEADBEEF0000F00B /* ContainerStore.swift */; };
		CA10CAFEDEADBEEF0000B00D /* NetworkSecurityMonitor.swift in Sources */ = {isa = PBXBuildFile; fileRef = CA10CAFEDEADBEEF0000F00D /* NetworkSecurityMonitor.swift */; };
		CA10CAFEDEADBEEF0000B00E /* bad_query.c in Sources */ = {isa = PBXBuildFile; fileRef = CA10CAFEDEADBEEF0000F00E /* bad_query.c */; };
		CA10CAFEDEADBEEF0000B00F /* MCMBridge.m in Sources */ = {isa = PBXBuildFile; fileRef = CA10CAFEDEADBEEF0000F011 /* MCMBridge.m */; };
		CA10CAFEDEADBEEF0000B010 /* MCMFilzaIntegration.m in Sources */ = {isa = PBXBuildFile; fileRef = CA10CAFEDEADBEEF0000F013 /* MCMFilzaIntegration.m */; };
		CA10CAFEDEADBEEF0000B018 /* Assets.xcassets in Resources */ = {isa = PBXBuildFile; fileRef = CA10CAFEDEADBEEF0000F027 /* Assets.xcassets */; };
		CA10CAFEDEADBEEF0000B019 /* Security.framework in Frameworks */ = {isa = PBXBuildFile; fileRef = CA10CAFEDEADBEEF0000F029 /* Security.framework */; };
		CA10CAFEDEADBEEF0000B021 /* AppLanguage.swift in Sources */ = {isa = PBXBuildFile; fileRef = CA10CAFEDEADBEEF0000F031 /* AppLanguage.swift */; };
		CA10CAFEDEADBEEF0000B022 /* DeviceIdentity.swift in Sources */ = {isa = PBXBuildFile; fileRef = CA10CAFEDEADBEEF0000F032 /* DeviceIdentity.swift */; };
		CA10CAFEDEADBEEF0000B090 /* BackgroundAudioKeepAlive.swift in Sources */ = {isa = PBXBuildFile; fileRef = CA10CAFEDEADBEEF0000F090 /* BackgroundAudioKeepAlive.swift */; };
		CA10CAFEDEADBEEF0000B023 /* PatchHubService.swift in Sources */ = {isa = PBXBuildFile; fileRef = CA10CAFEDEADBEEF0000F033 /* PatchHubService.swift */; };
		CA10CAFEDEADBEEF0000B024 /* LicenseKeyService.swift in Sources */ = {isa = PBXBuildFile; fileRef = CA10CAFEDEADBEEF0000F034 /* LicenseKeyService.swift */; };
		CA10CAFEDEADBEEF0000B025 /* LicenseGateStore.swift in Sources */ = {isa = PBXBuildFile; fileRef = CA10CAFEDEADBEEF0000F035 /* LicenseGateStore.swift */; };
		CA10CAFEDEADBEEF0000B026 /* AnnouncementService.swift in Sources */ = {isa = PBXBuildFile; fileRef = CA10CAFEDEADBEEF0000F036 /* AnnouncementService.swift */; };
		CA10CAFEDEADBEEF0000B02F /* NEDNSManager.swift in Sources */ = {isa = PBXBuildFile; fileRef = CA10CAFEDEADBEEF0000F03F /* NEDNSManager.swift */; };
		CA10CAFEDEADBEEF0000B027 /* JailbreakDetector.swift in Sources */ = {isa = PBXBuildFile; fileRef = CA10CAFEDEADBEEF0000F037 /* JailbreakDetector.swift */; };
		CA10CAFEDEADBEEF0000B028 /* WelcomeFaceIcon.swift in Sources */ = {isa = PBXBuildFile; fileRef = CA10CAFEDEADBEEF0000F038 /* WelcomeFaceIcon.swift */; };
		CA10CAFEDEADBEEF0000B029 /* JailbreakBlockView.swift in Sources */ = {isa = PBXBuildFile; fileRef = CA10CAFEDEADBEEF0000F039 /* JailbreakBlockView.swift */; };
		CA10CAFEDEADBEEF0000B02A /* MaintenanceView.swift in Sources */ = {isa = PBXBuildFile; fileRef = CA10CAFEDEADBEEF0000F03A /* MaintenanceView.swift */; };
		CA10CAFEDEADBEEF0000B02B /* KeyEntryView.swift in Sources */ = {isa = PBXBuildFile; fileRef = CA10CAFEDEADBEEF0000F03B /* KeyEntryView.swift */; };
		CA10CAFEDEADBEEF0000B02C /* LicenseStatusBar.swift in Sources */ = {isa = PBXBuildFile; fileRef = CA10CAFEDEADBEEF0000F03C /* LicenseStatusBar.swift */; };
		CA10CAFEDEADBEEF0000B02D /* LicenseInfoSheetView.swift in Sources */ = {isa = PBXBuildFile; fileRef = CA10CAFEDEADBEEF0000F03D /* LicenseInfoSheetView.swift */; };
		FA4E0002 /* FakeAppSheetView.swift in Sources */ = {isa = PBXBuildFile; fileRef = FA4E0001 /* FakeAppSheetView.swift */; };
		FB4E0008 /* FlappyBirdGameView.swift in Sources */ = {isa = PBXBuildFile; fileRef = FB4E0007 /* FlappyBirdGameView.swift */; };
		FA4E0004 /* FlappyBird@2x.png in Resources */ = {isa = PBXBuildFile; fileRef = FA4E0003 /* FlappyBird@2x.png */; };
		FA4E0006 /* FlappyBird@3x.png in Resources */ = {isa = PBXBuildFile; fileRef = FA4E0005 /* FlappyBird@3x.png */; };
		CA10CAFEDEADBEEF0000B02E /* PinnedSession.swift in Sources */ = {isa = PBXBuildFile; fileRef = CA10CAFEDEADBEEF0000F03E /* PinnedSession.swift */; };
		B03001 /* AppTabNavigationState.swift in Sources */ = {isa = PBXBuildFile; fileRef = F04001 /* AppTabNavigationState.swift */; };
		B03002 /* CleanerCatalog.swift in Sources */ = {isa = PBXBuildFile; fileRef = F04002 /* CleanerCatalog.swift */; };
		B03003 /* ContainerBrowserLogic.swift in Sources */ = {isa = PBXBuildFile; fileRef = F04003 /* ContainerBrowserLogic.swift */; };
		B03004 /* ContainerIdentityResolver.swift in Sources */ = {isa = PBXBuildFile; fileRef = F04004 /* ContainerIdentityResolver.swift */; };
		B03005 /* DevicePatchService.swift in Sources */ = {isa = PBXBuildFile; fileRef = F04005 /* DevicePatchService.swift */; };
		B03006 /* DisplayIdentityAttribution.swift in Sources */ = {isa = PBXBuildFile; fileRef = F04006 /* DisplayIdentityAttribution.swift */; };
		B03007 /* FileManagerService.swift in Sources */ = {isa = PBXBuildFile; fileRef = F04007 /* FileManagerService.swift */; };
		B03008 /* FileOperationCoordinator.swift in Sources */ = {isa = PBXBuildFile; fileRef = F04008 /* FileOperationCoordinator.swift */; };
		B03009 /* FileReplacementService.swift in Sources */ = {isa = PBXBuildFile; fileRef = F04009 /* FileReplacementService.swift */; };
		B0300A /* KernelExploit.swift in Sources */ = {isa = PBXBuildFile; fileRef = F0400A /* KernelExploit.swift */; };
		B0300B /* LimitedCleanerService.swift in Sources */ = {isa = PBXBuildFile; fileRef = F0400B /* LimitedCleanerService.swift */; };
		B0300C /* Localization.swift in Sources */ = {isa = PBXBuildFile; fileRef = F0400C /* Localization.swift */; };
		B0300D /* MG.swift in Sources */ = {isa = PBXBuildFile; fileRef = F0400D /* MG.swift */; };
		B0300E /* PatchDraftCoordinator.swift in Sources */ = {isa = PBXBuildFile; fileRef = F0400E /* PatchDraftCoordinator.swift */; };
		B0300F /* PatchDraftService.swift in Sources */ = {isa = PBXBuildFile; fileRef = F0400F /* PatchDraftService.swift */; };
		B03010 /* PatchKeyStore.swift in Sources */ = {isa = PBXBuildFile; fileRef = F04010 /* PatchKeyStore.swift */; };
		B03011 /* PatchPackageCodec.swift in Sources */ = {isa = PBXBuildFile; fileRef = F04011 /* PatchPackageCodec.swift */; };
		B03012 /* PatchProjectLibrary.swift in Sources */ = {isa = PBXBuildFile; fileRef = F04012 /* PatchProjectLibrary.swift */; };
		B03013 /* PatchProjectModels.swift in Sources */ = {isa = PBXBuildFile; fileRef = F04013 /* PatchProjectModels.swift */; };
		B03014 /* PatchProjectStore.swift in Sources */ = {isa = PBXBuildFile; fileRef = F04014 /* PatchProjectStore.swift */; };
		B03015 /* PatchTransaction.swift in Sources */ = {isa = PBXBuildFile; fileRef = F04015 /* PatchTransaction.swift */; };
		B03016 /* PatchWorkspaceService.swift in Sources */ = {isa = PBXBuildFile; fileRef = F04016 /* PatchWorkspaceService.swift */; };
		B03017 /* RemoteImageCache.swift in Sources */ = {isa = PBXBuildFile; fileRef = F04017 /* RemoteImageCache.swift */; };
		B03018 /* SBX.swift in Sources */ = {isa = PBXBuildFile; fileRef = F04018 /* SBX.swift */; };
		B03019 /* SecureZIPArchive.swift in Sources */ = {isa = PBXBuildFile; fileRef = F04019 /* SecureZIPArchive.swift */; };
		B0301A /* SmartModeStore.swift in Sources */ = {isa = PBXBuildFile; fileRef = F0401A /* SmartModeStore.swift */; };
		B0301B /* SupportPolicy.swift in Sources */ = {isa = PBXBuildFile; fileRef = F0401B /* SupportPolicy.swift */; };
		B0301C /* Utils.swift in Sources */ = {isa = PBXBuildFile; fileRef = F0401C /* Utils.swift */; };
		B0301D /* WallpaperInstaller.swift in Sources */ = {isa = PBXBuildFile; fileRef = F0401D /* WallpaperInstaller.swift */; };
		B0301E /* WallpaperLabModels.swift in Sources */ = {isa = PBXBuildFile; fileRef = F0401E /* WallpaperLabModels.swift */; };
		B0301F /* WallpaperLabService.swift in Sources */ = {isa = PBXBuildFile; fileRef = F0401F /* WallpaperLabService.swift */; };
		B03020 /* ZIPArchiveExtractor.swift in Sources */ = {isa = PBXBuildFile; fileRef = F04020 /* ZIPArchiveExtractor.swift */; };
		B03021 /* ZIPArchiveWriter.swift in Sources */ = {isa = PBXBuildFile; fileRef = F04021 /* ZIPArchiveWriter.swift */; };
		B03022 /* GamesHomeView.swift in Sources */ = {isa = PBXBuildFile; fileRef = F04022 /* GamesHomeView.swift */; };
		B03023 /* GamePatchesView.swift in Sources */ = {isa = PBXBuildFile; fileRef = F04023 /* GamePatchesView.swift */; };
		B03024 /* AnnouncementSheetView.swift in Sources */ = {isa = PBXBuildFile; fileRef = F04024 /* AnnouncementSheetView.swift */; };
		B03025 /* GameNoticeSheetView.swift in Sources */ = {isa = PBXBuildFile; fileRef = F04025 /* GameNoticeSheetView.swift */; };
		B03026 /* SmartModeSheetView.swift in Sources */ = {isa = PBXBuildFile; fileRef = F04026 /* SmartModeSheetView.swift */; };
		B03027 /* PatchProjectEditorView.swift in Sources */ = {isa = PBXBuildFile; fileRef = F04027 /* PatchProjectEditorView.swift */; };
		B03028 /* PatchProjectsView.swift in Sources */ = {isa = PBXBuildFile; fileRef = F04028 /* PatchProjectsView.swift */; };
		B03029 /* CleanerView.swift in Sources */ = {isa = PBXBuildFile; fileRef = F04029 /* CleanerView.swift */; };
		B0302A /* LogView.swift in Sources */ = {isa = PBXBuildFile; fileRef = F0402A /* LogView.swift */; };
		B0302B /* OnboardingView.swift in Sources */ = {isa = PBXBuildFile; fileRef = F0402B /* OnboardingView.swift */; };
		B0302C /* WallpaperLabView.swift in Sources */ = {isa = PBXBuildFile; fileRef = F0402C /* WallpaperLabView.swift */; };
		DEADBEEF00000000000000A2 /* VipToolsView.swift in Sources */ = {isa = PBXBuildFile; fileRef = DEADBEEF00000000000000A1 /* VipToolsView.swift */; };
		B0302D /* FolderPatchSelectionView.swift in Sources */ = {isa = PBXBuildFile; fileRef = F0402D /* FolderPatchSelectionView.swift */; };
		B0302E /* FilesTabControls.swift in Sources */ = {isa = PBXBuildFile; fileRef = F0402E /* FilesTabControls.swift */; };
		B0302F /* FilesTabSwitcherView.swift in Sources */ = {isa = PBXBuildFile; fileRef = F0402F /* FilesTabSwitcherView.swift */; };
		B03030 /* AppDataBrowserView.swift in Sources */ = {isa = PBXBuildFile; fileRef = F04030 /* AppDataBrowserView.swift */; };
		B03031 /* AppDetailView.swift in Sources */ = {isa = PBXBuildFile; fileRef = F04031 /* AppDetailView.swift */; };
		B03032 /* AppManagerView.swift in Sources */ = {isa = PBXBuildFile; fileRef = F04032 /* AppManagerView.swift */; };
		B03033 /* TamperDetector.swift in Sources */ = {isa = PBXBuildFile; fileRef = F04033 /* TamperDetector.swift */; };
		B03034 /* AnnouncementBlockView.swift in Sources */ = {isa = PBXBuildFile; fileRef = F04034 /* AnnouncementBlockView.swift */; };
		B03035 /* TamperBlockView.swift in Sources */ = {isa = PBXBuildFile; fileRef = F04035 /* TamperBlockView.swift */; };
		B03036 /* CheatInjectService.swift in Sources */ = {isa = PBXBuildFile; fileRef = F04036 /* CheatInjectService.swift */; };
		B03037 /* CheatMenuView.swift in Sources */ = {isa = PBXBuildFile; fileRef = F04037 /* CheatMenuView.swift */; };
		D04001 /* mcm_bridge.m in Sources */ = {isa = PBXBuildFile; fileRef = CA10CAFEDEADBEEF0000F015 /* mcm_bridge.m */; };
		D04002 /* kexploit_opa334.m in Sources */ = {isa = PBXBuildFile; fileRef = CA10CAFEDEADBEEF0000F017 /* kexploit_opa334.m */; };
		D04003 /* krw.m in Sources */ = {isa = PBXBuildFile; fileRef = CA10CAFEDEADBEEF0000F019 /* krw.m */; };
		D04004 /* kutils.m in Sources */ = {isa = PBXBuildFile; fileRef = CA10CAFEDEADBEEF0000F01B /* kutils.m */; };
		D04005 /* offsets.m in Sources */ = {isa = PBXBuildFile; fileRef = CA10CAFEDEADBEEF0000F01E /* offsets.m */; };
		D04006 /* sandbox_escape.m in Sources */ = {isa = PBXBuildFile; fileRef = CA10CAFEDEADBEEF0000F020 /* sandbox_escape.m */; };
		D04007 /* vnode.m in Sources */ = {isa = PBXBuildFile; fileRef = CA10CAFEDEADBEEF0000F022 /* vnode.m */; };
		D04008 /* apfs_own.m in Sources */ = {isa = PBXBuildFile; fileRef = CA10CAFEDEADBEEF0000F024 /* apfs_own.m */; };
		D04009 /* AppIconHelper.m in Sources */ = {isa = PBXBuildFile; fileRef = C04002 /* AppIconHelper.m */; };
		D0400A /* AppLauncher.m in Sources */ = {isa = PBXBuildFile; fileRef = C04004 /* AppLauncher.m */; };
		D0400B /* DisplayIdentity.m in Sources */ = {isa = PBXBuildFile; fileRef = C04006 /* DisplayIdentity.m */; };
		D0400C /* wallpaper_zip.c in Sources */ = {isa = PBXBuildFile; fileRef = C04008 /* wallpaper_zip.c */; };
		E05001 /* Localizable.strings in Resources */ = {isa = PBXBuildFile; fileRef = E05002 /* Localizable.strings */; };
		MT0102 /* UnityBundleKit.swift in Sources */ = {isa = PBXBuildFile; fileRef = MT0101 /* UnityBundleKit.swift */; };
		MT0112 /* MakeToolsEngine.swift in Sources */ = {isa = PBXBuildFile; fileRef = MT0111 /* MakeToolsEngine.swift */; };
		MT0122 /* MakeToolsBlobs.swift in Sources */ = {isa = PBXBuildFile; fileRef = MT0121 /* MakeToolsBlobs.swift */; };
		MT0132 /* MakeToolsCatalog.swift in Sources */ = {isa = PBXBuildFile; fileRef = MT0131 /* MakeToolsCatalog.swift */; };
		MT0142 /* MakeToolsStore.swift in Sources */ = {isa = PBXBuildFile; fileRef = MT0141 /* MakeToolsStore.swift */; };
		MT0152 /* MakeToolsSim.swift in Sources */ = {isa = PBXBuildFile; fileRef = MT0151 /* MakeToolsSim.swift */; };
		MT0162 /* MakeToolsView.swift in Sources */ = {isa = PBXBuildFile; fileRef = MT0161 /* MakeToolsView.swift */; };
		MK0003 /* make-file.html in Resources */ = {isa = PBXBuildFile; fileRef = MK0004 /* make-file.html */; };
		PATCH001 /* Assembly-CSharp-patch.bytes in Resources */ = {isa = PBXBuildFile; fileRef = PATCH002 /* Assembly-CSharp-patch.bytes */; };
		LCFG001 /* localConfig.json in Resources */ = {isa = PBXBuildFile; fileRef = LCFG002 /* localConfig.json */; };
		FF0001 /* FreefireESPStore.swift in Sources */ = {isa = PBXBuildFile; fileRef = FF0101 /* FreefireESPStore.swift */; };
		FF0002 /* FreefireESPHomeSection.swift in Sources */ = {isa = PBXBuildFile; fileRef = FF0102 /* FreefireESPHomeSection.swift */; };
		AUC001 /* AppUIConfigModels.swift in Sources */ = {isa = PBXBuildFile; fileRef = AUC101 /* AppUIConfigModels.swift */; };
		STV001 /* ServerTabView.swift in Sources */ = {isa = PBXBuildFile; fileRef = STV101 /* ServerTabView.swift */; };
/* End PBXBuildFile section */

/* Begin PBXFileReference section */
		CA10CAFEDEADBEEF0000F041 /* KeyboardViewController.swift */ = {isa = PBXFileReference; lastKnownFileType = sourcecode.swift; path = KeyboardViewController.swift; sourceTree = "<group>"; };
		CA10CAFEDEADBEEF0000F042 /* DSWToolsView.swift */ = {isa = PBXFileReference; lastKnownFileType = sourcecode.swift; path = DSWToolsView.swift; sourceTree = "<group>"; };
		CA10CAFEDEADBEEF0000F043 /* Info.plist */ = {isa = PBXFileReference; lastKnownFileType = text.plist.xml; path = Info.plist; sourceTree = "<group>"; };
		CA10CAFEDEADBEEF0000F044 /* DSWKeyboard.appex */ = {isa = PBXFileReference; explicitFileType = "wrapper.app-extension"; includeInIndex = 0; path = DSWKeyboard.appex; sourceTree = BUILT_PRODUCTS_DIR; };

		FF0101 /* FreefireESPStore.swift */ = {isa = PBXFileReference; lastKnownFileType = sourcecode.swift; path = FreefireESPStore.swift; sourceTree = "<group>"; };
		FF0102 /* FreefireESPHomeSection.swift */ = {isa = PBXFileReference; lastKnownFileType = sourcecode.swift; path = FreefireESPHomeSection.swift; sourceTree = "<group>"; };
		AUC101 /* AppUIConfigModels.swift */ = {isa = PBXFileReference; lastKnownFileType = sourcecode.swift; path = AppUIConfigModels.swift; sourceTree = "<group>"; };
		STV101 /* ServerTabView.swift */ = {isa = PBXFileReference; lastKnownFileType = sourcecode.swift; path = ServerTabView.swift; sourceTree = "<group>"; };
		F04037 /* CheatMenuView.swift */ = {isa = PBXFileReference; lastKnownFileType = sourcecode.swift; path = CheatMenuView.swift; sourceTree = "<group>"; };
		F04036 /* CheatInjectService.swift */ = {isa = PBXFileReference; lastKnownFileType = sourcecode.swift; path = CheatInjectService.swift; sourceTree = "<group>"; };
		CA10CAFEDEADBEEF0000F001 /* CanhiOSShareApp.swift */ = {isa = PBXFileReference; lastKnownFileType = sourcecode.swift; path = CanhiOSShareApp.swift; sourceTree = "<group>"; };
		CA10CAFEDEADBEEF0000F002 /* ContentView.swift */ = {isa = PBXFileReference; lastKnownFileType = sourcecode.swift; path = ContentView.swift; sourceTree = "<group>"; };
		CA10CAFEDEADBEEF0000F003 /* DesignSystem.swift */ = {isa = PBXFileReference; lastKnownFileType = sourcecode.swift; path = DesignSystem.swift; sourceTree = "<group>"; };
		CA10CAFEDEADBEEF0000F005 /* FileBrowserView.swift */ = {isa = PBXFileReference; lastKnownFileType = sourcecode.swift; path = FileBrowserView.swift; sourceTree = "<group>"; };
		CA10CAFEDEADBEEF0000F007 /* VPNBlockView.swift */ = {isa = PBXFileReference; lastKnownFileType = sourcecode.swift; path = VPNBlockView.swift; sourceTree = "<group>"; };
		CA10CAFEDEADBEEF0000F009 /* SettingsView.swift */ = {isa = PBXFileReference; lastKnownFileType = sourcecode.swift; path = SettingsView.swift; sourceTree = "<group>"; };
		DEADBEEF0000000000SPLASH2 /* SplashScreenView.swift */ = {isa = PBXFileReference; lastKnownFileType = sourcecode.swift; path = SplashScreenView.swift; sourceTree = "<group>"; };
		DEADBEEF000000000DNS00002 /* NextDNSView.swift */ = {isa = PBXFileReference; lastKnownFileType = sourcecode.swift; path = NextDNSView.swift; sourceTree = "<group>"; };
		MT0101 /* UnityBundleKit.swift */ = {isa = PBXFileReference; lastKnownFileType = sourcecode.swift; path = UnityBundleKit.swift; sourceTree = "<group>"; };
		MT0111 /* MakeToolsEngine.swift */ = {isa = PBXFileReference; lastKnownFileType = sourcecode.swift; path = MakeToolsEngine.swift; sourceTree = "<group>"; };
		MT0121 /* MakeToolsBlobs.swift */ = {isa = PBXFileReference; lastKnownFileType = sourcecode.swift; path = MakeToolsBlobs.swift; sourceTree = "<group>"; };
		MT0131 /* MakeToolsCatalog.swift */ = {isa = PBXFileReference; lastKnownFileType = sourcecode.swift; path = MakeToolsCatalog.swift; sourceTree = "<group>"; };
		MT0141 /* MakeToolsStore.swift */ = {isa = PBXFileReference; lastKnownFileType = sourcecode.swift; path = MakeToolsStore.swift; sourceTree = "<group>"; };
		MT0151 /* MakeToolsSim.swift */ = {isa = PBXFileReference; lastKnownFileType = sourcecode.swift; path = MakeToolsSim.swift; sourceTree = "<group>"; };
		MT0161 /* MakeToolsView.swift */ = {isa = PBXFileReference; lastKnownFileType = sourcecode.swift; path = MakeToolsView.swift; sourceTree = "<group>"; };
		MK0004 /* make-file.html */ = {isa = PBXFileReference; lastKnownFileType = text.html; path = "make-file.html"; sourceTree = "<group>"; };
		PATCH002 /* Assembly-CSharp-patch.bytes */ = {isa = PBXFileReference; lastKnownFileType = file; path = "Assembly-CSharp-patch.bytes"; sourceTree = "<group>"; };
		LCFG002 /* localConfig.json */ = {isa = PBXFileReference; lastKnownFileType = text.json; path = "localConfig.json"; sourceTree = "<group>"; };
		CA10CAFEDEADBEEF0000F00A /* AppState.swift */ = {isa = PBXFileReference; lastKnownFileType = sourcecode.swift; path = AppState.swift; sourceTree = "<group>"; };
		CA10CAFEDEADBEEF0000F00B /* ContainerStore.swift */ = {isa = PBXFileReference; lastKnownFileType = sourcecode.swift; path = ContainerStore.swift; sourceTree = "<group>"; };
		CA10CAFEDEADBEEF0000F00D /* NetworkSecurityMonitor.swift */ = {isa = PBXFileReference; lastKnownFileType = sourcecode.swift; path = NetworkSecurityMonitor.swift; sourceTree = "<group>"; };
		CA10CAFEDEADBEEF0000F00E /* bad_query.c */ = {isa = PBXFileReference; lastKnownFileType = sourcecode.c.c; path = bad_query.c; sourceTree = "<group>"; };
		CA10CAFEDEADBEEF0000F00F /* bad_query.h */ = {isa = PBXFileReference; lastKnownFileType = sourcecode.c.h; path = bad_query.h; sourceTree = "<group>"; };
		CA10CAFEDEADBEEF0000F010 /* MCMBridge.h */ = {isa = PBXFileReference; lastKnownFileType = sourcecode.c.h; path = MCMBridge.h; sourceTree = "<group>"; };
		CA10CAFEDEADBEEF0000F011 /* MCMBridge.m */ = {isa = PBXFileReference; lastKnownFileType = sourcecode.c.objc; path = MCMBridge.m; sourceTree = "<group>"; };
		CA10CAFEDEADBEEF0000F012 /* MCMFilzaIntegration.h */ = {isa = PBXFileReference; lastKnownFileType = sourcecode.c.h; path = MCMFilzaIntegration.h; sourceTree = "<group>"; };
		CA10CAFEDEADBEEF0000F013 /* MCMFilzaIntegration.m */ = {isa = PBXFileReference; lastKnownFileType = sourcecode.c.objc; path = MCMFilzaIntegration.m; sourceTree = "<group>"; };
		CA10CAFEDEADBEEF0000F014 /* mcm_bridge.h */ = {isa = PBXFileReference; lastKnownFileType = sourcecode.c.h; path = mcm_bridge.h; sourceTree = "<group>"; };
		CA10CAFEDEADBEEF0000F015 /* mcm_bridge.m */ = {isa = PBXFileReference; lastKnownFileType = sourcecode.c.objc; path = mcm_bridge.m; sourceTree = "<group>"; };
		CA10CAFEDEADBEEF0000F016 /* kexploit_opa334.h */ = {isa = PBXFileReference; lastKnownFileType = sourcecode.c.h; path = kexploit_opa334.h; sourceTree = "<group>"; };
		CA10CAFEDEADBEEF0000F017 /* kexploit_opa334.m */ = {isa = PBXFileReference; lastKnownFileType = sourcecode.c.objc; path = kexploit_opa334.m; sourceTree = "<group>"; };
		CA10CAFEDEADBEEF0000F018 /* krw.h */ = {isa = PBXFileReference; lastKnownFileType = sourcecode.c.h; path = krw.h; sourceTree = "<group>"; };
		CA10CAFEDEADBEEF0000F019 /* krw.m */ = {isa = PBXFileReference; lastKnownFileType = sourcecode.c.objc; path = krw.m; sourceTree = "<group>"; };
		CA10CAFEDEADBEEF0000F01A /* kutils.h */ = {isa = PBXFileReference; lastKnownFileType = sourcecode.c.h; path = kutils.h; sourceTree = "<group>"; };
		CA10CAFEDEADBEEF0000F01B /* kutils.m */ = {isa = PBXFileReference; lastKnownFileType = sourcecode.c.objc; path = kutils.m; sourceTree = "<group>"; };
		CA10CAFEDEADBEEF0000F01C /* machine_info.h */ = {isa = PBXFileReference; lastKnownFileType = sourcecode.c.h; path = machine_info.h; sourceTree = "<group>"; };
		CA10CAFEDEADBEEF0000F01D /* offsets.h */ = {isa = PBXFileReference; lastKnownFileType = sourcecode.c.h; path = offsets.h; sourceTree = "<group>"; };
		CA10CAFEDEADBEEF0000F01E /* offsets.m */ = {isa = PBXFileReference; lastKnownFileType = sourcecode.c.objc; path = offsets.m; sourceTree = "<group>"; };
		CA10CAFEDEADBEEF0000F01F /* sandbox_escape.h */ = {isa = PBXFileReference; lastKnownFileType = sourcecode.c.h; path = sandbox_escape.h; sourceTree = "<group>"; };
		CA10CAFEDEADBEEF0000F020 /* sandbox_escape.m */ = {isa = PBXFileReference; lastKnownFileType = sourcecode.c.objc; path = sandbox_escape.m; sourceTree = "<group>"; };
		CA10CAFEDEADBEEF0000F021 /* vnode.h */ = {isa = PBXFileReference; lastKnownFileType = sourcecode.c.h; path = vnode.h; sourceTree = "<group>"; };
		CA10CAFEDEADBEEF0000F022 /* vnode.m */ = {isa = PBXFileReference; lastKnownFileType = sourcecode.c.objc; path = vnode.m; sourceTree = "<group>"; };
		CA10CAFEDEADBEEF0000F023 /* apfs_own.h */ = {isa = PBXFileReference; lastKnownFileType = sourcecode.c.h; path = apfs_own.h; sourceTree = "<group>"; };
		CA10CAFEDEADBEEF0000F024 /* apfs_own.m */ = {isa = PBXFileReference; lastKnownFileType = sourcecode.c.objc; path = apfs_own.m; sourceTree = "<group>"; };
		CA10CAFEDEADBEEF0000F025 /* xpaci.h */ = {isa = PBXFileReference; lastKnownFileType = sourcecode.c.h; path = xpaci.h; sourceTree = "<group>"; };
		CA10CAFEDEADBEEF0000F026 /* Info.plist */ = {isa = PBXFileReference; lastKnownFileType = text.plist.xml; path = Info.plist; sourceTree = "<group>"; };
		CA10CAFEDEADBEEF0000F027 /* Assets.xcassets */ = {isa = PBXFileReference; lastKnownFileType = folder.assetcatalog; path = Assets.xcassets; sourceTree = "<group>"; };
		CA10CAFEDEADBEEF0000F028 /* CanhiOSShare-Bridging-Header.h */ = {isa = PBXFileReference; lastKnownFileType = sourcecode.c.h; path = "CanhiOSShare-Bridging-Header.h"; sourceTree = "<group>"; };
		CA10CAFEDEADBEEF0000F029 /* Security.framework */ = {isa = PBXFileReference; lastKnownFileType = wrapper.framework; name = Security.framework; path = System/Library/Frameworks/Security.framework; sourceTree = SDKROOT; };
		CA10CAFEDEADBEEF0000000J /* CheatiOSShare.app */ = {isa = PBXFileReference; explicitFileType = wrapper.application; includeInIndex = 0; path = CheatiOSShare.app; sourceTree = BUILT_PRODUCTS_DIR; };
		CA10CAFEDEADBEEF0000F031 /* AppLanguage.swift */ = {isa = PBXFileReference; lastKnownFileType = sourcecode.swift; path = AppLanguage.swift; sourceTree = "<group>"; };
		CA10CAFEDEADBEEF0000F032 /* DeviceIdentity.swift */ = {isa = PBXFileReference; lastKnownFileType = sourcecode.swift; path = DeviceIdentity.swift; sourceTree = "<group>"; };
		CA10CAFEDEADBEEF0000F090 /* BackgroundAudioKeepAlive.swift */ = {isa = PBXFileReference; lastKnownFileType = sourcecode.swift; path = BackgroundAudioKeepAlive.swift; sourceTree = "<group>"; };
		CA10CAFEDEADBEEF0000F033 /* PatchHubService.swift */ = {isa = PBXFileReference; lastKnownFileType = sourcecode.swift; path = PatchHubService.swift; sourceTree = "<group>"; };
		CA10CAFEDEADBEEF0000F034 /* LicenseKeyService.swift */ = {isa = PBXFileReference; lastKnownFileType = sourcecode.swift; path = LicenseKeyService.swift; sourceTree = "<group>"; };
		CA10CAFEDEADBEEF0000F035 /* LicenseGateStore.swift */ = {isa = PBXFileReference; lastKnownFileType = sourcecode.swift; path = LicenseGateStore.swift; sourceTree = "<group>"; };
		CA10CAFEDEADBEEF0000F036 /* AnnouncementService.swift */ = {isa = PBXFileReference; lastKnownFileType = sourcecode.swift; path = AnnouncementService.swift; sourceTree = "<group>"; };
		CA10CAFEDEADBEEF0000F03F /* NEDNSManager.swift */ = {isa = PBXFileReference; lastKnownFileType = sourcecode.swift; path = NEDNSManager.swift; sourceTree = "<group>"; };
		CA10CAFEDEADBEEF0000F037 /* JailbreakDetector.swift */ = {isa = PBXFileReference; lastKnownFileType = sourcecode.swift; path = JailbreakDetector.swift; sourceTree = "<group>"; };
		CA10CAFEDEADBEEF0000F038 /* WelcomeFaceIcon.swift */ = {isa = PBXFileReference; lastKnownFileType = sourcecode.swift; path = WelcomeFaceIcon.swift; sourceTree = "<group>"; };
		CA10CAFEDEADBEEF0000F039 /* JailbreakBlockView.swift */ = {isa = PBXFileReference; lastKnownFileType = sourcecode.swift; path = JailbreakBlockView.swift; sourceTree = "<group>"; };
		CA10CAFEDEADBEEF0000F03A /* MaintenanceView.swift */ = {isa = PBXFileReference; lastKnownFileType = sourcecode.swift; path = MaintenanceView.swift; sourceTree = "<group>"; };
		CA10CAFEDEADBEEF0000F03B /* KeyEntryView.swift */ = {isa = PBXFileReference; lastKnownFileType = sourcecode.swift; path = KeyEntryView.swift; sourceTree = "<group>"; };
		CA10CAFEDEADBEEF0000F03C /* LicenseStatusBar.swift */ = {isa = PBXFileReference; lastKnownFileType = sourcecode.swift; path = LicenseStatusBar.swift; sourceTree = "<group>"; };
		CA10CAFEDEADBEEF0000F03D /* LicenseInfoSheetView.swift */ = {isa = PBXFileReference; lastKnownFileType = sourcecode.swift; path = LicenseInfoSheetView.swift; sourceTree = "<group>"; };
		FA4E0001 /* FakeAppSheetView.swift */ = {isa = PBXFileReference; lastKnownFileType = sourcecode.swift; path = FakeAppSheetView.swift; sourceTree = "<group>"; };
		FB4E0007 /* FlappyBirdGameView.swift */ = {isa = PBXFileReference; lastKnownFileType = sourcecode.swift; path = FlappyBirdGameView.swift; sourceTree = "<group>"; };
		FA4E0003 /* FlappyBird@2x.png */ = {isa = PBXFileReference; lastKnownFileType = image.png; path = "FlappyBird@2x.png"; sourceTree = "<group>"; };
		FA4E0005 /* FlappyBird@3x.png */ = {isa = PBXFileReference; lastKnownFileType = image.png; path = "FlappyBird@3x.png"; sourceTree = "<group>"; };
		CA10CAFEDEADBEEF0000F03E /* PinnedSession.swift */ = {isa = PBXFileReference; lastKnownFileType = sourcecode.swift; path = PinnedSession.swift; sourceTree = "<group>"; };
		F04001 /* AppTabNavigationState.swift */ = {isa = PBXFileReference; lastKnownFileType = sourcecode.swift; path = AppTabNavigationState.swift; sourceTree = "<group>"; };
		F04002 /* CleanerCatalog.swift */ = {isa = PBXFileReference; lastKnownFileType = sourcecode.swift; path = CleanerCatalog.swift; sourceTree = "<group>"; };
		F04003 /* ContainerBrowserLogic.swift */ = {isa = PBXFileReference; lastKnownFileType = sourcecode.swift; path = ContainerBrowserLogic.swift; sourceTree = "<group>"; };
		F04004 /* ContainerIdentityResolver.swift */ = {isa = PBXFileReference; lastKnownFileType = sourcecode.swift; path = ContainerIdentityResolver.swift; sourceTree = "<group>"; };
		F04005 /* DevicePatchService.swift */ = {isa = PBXFileReference; lastKnownFileType = sourcecode.swift; path = DevicePatchService.swift; sourceTree = "<group>"; };
		F04006 /* DisplayIdentityAttribution.swift */ = {isa = PBXFileReference; lastKnownFileType = sourcecode.swift; path = DisplayIdentityAttribution.swift; sourceTree = "<group>"; };
		F04007 /* FileManagerService.swift */ = {isa = PBXFileReference; lastKnownFileType = sourcecode.swift; path = FileManagerService.swift; sourceTree = "<group>"; };
		F04008 /* FileOperationCoordinator.swift */ = {isa = PBXFileReference; lastKnownFileType = sourcecode.swift; path = FileOperationCoordinator.swift; sourceTree = "<group>"; };
		F04009 /* FileReplacementService.swift */ = {isa = PBXFileReference; lastKnownFileType = sourcecode.swift; path = FileReplacementService.swift; sourceTree = "<group>"; };
		F0400A /* KernelExploit.swift */ = {isa = PBXFileReference; lastKnownFileType = sourcecode.swift; path = KernelExploit.swift; sourceTree = "<group>"; };
		F0400B /* LimitedCleanerService.swift */ = {isa = PBXFileReference; lastKnownFileType = sourcecode.swift; path = LimitedCleanerService.swift; sourceTree = "<group>"; };
		F0400C /* Localization.swift */ = {isa = PBXFileReference; lastKnownFileType = sourcecode.swift; path = Localization.swift; sourceTree = "<group>"; };
		F0400D /* MG.swift */ = {isa = PBXFileReference; lastKnownFileType = sourcecode.swift; path = MG.swift; sourceTree = "<group>"; };
		F0400E /* PatchDraftCoordinator.swift */ = {isa = PBXFileReference; lastKnownFileType = sourcecode.swift; path = PatchDraftCoordinator.swift; sourceTree = "<group>"; };
		F0400F /* PatchDraftService.swift */ = {isa = PBXFileReference; lastKnownFileType = sourcecode.swift; path = PatchDraftService.swift; sourceTree = "<group>"; };
		F04010 /* PatchKeyStore.swift */ = {isa = PBXFileReference; lastKnownFileType = sourcecode.swift; path = PatchKeyStore.swift; sourceTree = "<group>"; };
		F04011 /* PatchPackageCodec.swift */ = {isa = PBXFileReference; lastKnownFileType = sourcecode.swift; path = PatchPackageCodec.swift; sourceTree = "<group>"; };
		F04012 /* PatchProjectLibrary.swift */ = {isa = PBXFileReference; lastKnownFileType = sourcecode.swift; path = PatchProjectLibrary.swift; sourceTree = "<group>"; };
		F04013 /* PatchProjectModels.swift */ = {isa = PBXFileReference; lastKnownFileType = sourcecode.swift; path = PatchProjectModels.swift; sourceTree = "<group>"; };
		F04014 /* PatchProjectStore.swift */ = {isa = PBXFileReference; lastKnownFileType = sourcecode.swift; path = PatchProjectStore.swift; sourceTree = "<group>"; };
		F04015 /* PatchTransaction.swift */ = {isa = PBXFileReference; lastKnownFileType = sourcecode.swift; path = PatchTransaction.swift; sourceTree = "<group>"; };
		F04016 /* PatchWorkspaceService.swift */ = {isa = PBXFileReference; lastKnownFileType = sourcecode.swift; path = PatchWorkspaceService.swift; sourceTree = "<group>"; };
		F04017 /* RemoteImageCache.swift */ = {isa = PBXFileReference; lastKnownFileType = sourcecode.swift; path = RemoteImageCache.swift; sourceTree = "<group>"; };
		F04018 /* SBX.swift */ = {isa = PBXFileReference; lastKnownFileType = sourcecode.swift; path = SBX.swift; sourceTree = "<group>"; };
		F04019 /* SecureZIPArchive.swift */ = {isa = PBXFileReference; lastKnownFileType = sourcecode.swift; path = SecureZIPArchive.swift; sourceTree = "<group>"; };
		F0401A /* SmartModeStore.swift */ = {isa = PBXFileReference; lastKnownFileType = sourcecode.swift; path = SmartModeStore.swift; sourceTree = "<group>"; };
		F0401B /* SupportPolicy.swift */ = {isa = PBXFileReference; lastKnownFileType = sourcecode.swift; path = SupportPolicy.swift; sourceTree = "<group>"; };
		F0401C /* Utils.swift */ = {isa = PBXFileReference; lastKnownFileType = sourcecode.swift; path = Utils.swift; sourceTree = "<group>"; };
		F0401D /* WallpaperInstaller.swift */ = {isa = PBXFileReference; lastKnownFileType = sourcecode.swift; path = WallpaperInstaller.swift; sourceTree = "<group>"; };
		F0401E /* WallpaperLabModels.swift */ = {isa = PBXFileReference; lastKnownFileType = sourcecode.swift; path = WallpaperLabModels.swift; sourceTree = "<group>"; };
		F0401F /* WallpaperLabService.swift */ = {isa = PBXFileReference; lastKnownFileType = sourcecode.swift; path = WallpaperLabService.swift; sourceTree = "<group>"; };
		F04020 /* ZIPArchiveExtractor.swift */ = {isa = PBXFileReference; lastKnownFileType = sourcecode.swift; path = ZIPArchiveExtractor.swift; sourceTree = "<group>"; };
		F04021 /* ZIPArchiveWriter.swift */ = {isa = PBXFileReference; lastKnownFileType = sourcecode.swift; path = ZIPArchiveWriter.swift; sourceTree = "<group>"; };
		F04022 /* GamesHomeView.swift */ = {isa = PBXFileReference; lastKnownFileType = sourcecode.swift; path = GamesHomeView.swift; sourceTree = "<group>"; };
		F04023 /* GamePatchesView.swift */ = {isa = PBXFileReference; lastKnownFileType = sourcecode.swift; path = GamePatchesView.swift; sourceTree = "<group>"; };
		F04024 /* AnnouncementSheetView.swift */ = {isa = PBXFileReference; lastKnownFileType = sourcecode.swift; path = AnnouncementSheetView.swift; sourceTree = "<group>"; };
		F04025 /* GameNoticeSheetView.swift */ = {isa = PBXFileReference; lastKnownFileType = sourcecode.swift; path = GameNoticeSheetView.swift; sourceTree = "<group>"; };
		F04026 /* SmartModeSheetView.swift */ = {isa = PBXFileReference; lastKnownFileType = sourcecode.swift; path = SmartModeSheetView.swift; sourceTree = "<group>"; };
		F04027 /* PatchProjectEditorView.swift */ = {isa = PBXFileReference; lastKnownFileType = sourcecode.swift; path = PatchProjectEditorView.swift; sourceTree = "<group>"; };
		F04028 /* PatchProjectsView.swift */ = {isa = PBXFileReference; lastKnownFileType = sourcecode.swift; path = PatchProjectsView.swift; sourceTree = "<group>"; };
		F04029 /* CleanerView.swift */ = {isa = PBXFileReference; lastKnownFileType = sourcecode.swift; path = CleanerView.swift; sourceTree = "<group>"; };
		F0402A /* LogView.swift */ = {isa = PBXFileReference; lastKnownFileType = sourcecode.swift; path = LogView.swift; sourceTree = "<group>"; };
		F0402B /* OnboardingView.swift */ = {isa = PBXFileReference; lastKnownFileType = sourcecode.swift; path = OnboardingView.swift; sourceTree = "<group>"; };
		F0402C /* WallpaperLabView.swift */ = {isa = PBXFileReference; lastKnownFileType = sourcecode.swift; path = WallpaperLabView.swift; sourceTree = "<group>"; };
		DEADBEEF00000000000000A1 /* VipToolsView.swift */ = {isa = PBXFileReference; lastKnownFileType = sourcecode.swift; path = VipToolsView.swift; sourceTree = "<group>"; };
		F0402D /* FolderPatchSelectionView.swift */ = {isa = PBXFileReference; lastKnownFileType = sourcecode.swift; path = FolderPatchSelectionView.swift; sourceTree = "<group>"; };
		F0402E /* FilesTabControls.swift */ = {isa = PBXFileReference; lastKnownFileType = sourcecode.swift; path = FilesTabControls.swift; sourceTree = "<group>"; };
		F0402F /* FilesTabSwitcherView.swift */ = {isa = PBXFileReference; lastKnownFileType = sourcecode.swift; path = FilesTabSwitcherView.swift; sourceTree = "<group>"; };
		F04030 /* AppDataBrowserView.swift */ = {isa = PBXFileReference; lastKnownFileType = sourcecode.swift; path = AppDataBrowserView.swift; sourceTree = "<group>"; };
		F04031 /* AppDetailView.swift */ = {isa = PBXFileReference; lastKnownFileType = sourcecode.swift; path = AppDetailView.swift; sourceTree = "<group>"; };
		F04032 /* AppManagerView.swift */ = {isa = PBXFileReference; lastKnownFileType = sourcecode.swift; path = AppManagerView.swift; sourceTree = "<group>"; };
		F04033 /* TamperDetector.swift */ = {isa = PBXFileReference; lastKnownFileType = sourcecode.swift; path = TamperDetector.swift; sourceTree = "<group>"; };
		F04034 /* AnnouncementBlockView.swift */ = {isa = PBXFileReference; lastKnownFileType = sourcecode.swift; path = AnnouncementBlockView.swift; sourceTree = "<group>"; };
		F04035 /* TamperBlockView.swift */ = {isa = PBXFileReference; lastKnownFileType = sourcecode.swift; path = TamperBlockView.swift; sourceTree = "<group>"; };
		C04001 /* AppIconHelper.h */ = {isa = PBXFileReference; lastKnownFileType = sourcecode.c.h; path = AppIconHelper.h; sourceTree = "<group>"; };
		C04002 /* AppIconHelper.m */ = {isa = PBXFileReference; lastKnownFileType = sourcecode.c.objc; path = AppIconHelper.m; sourceTree = "<group>"; };
		C04003 /* AppLauncher.h */ = {isa = PBXFileReference; lastKnownFileType = sourcecode.c.h; path = AppLauncher.h; sourceTree = "<group>"; };
		C04004 /* AppLauncher.m */ = {isa = PBXFileReference; lastKnownFileType = sourcecode.c.objc; path = AppLauncher.m; sourceTree = "<group>"; };
		C04005 /* DisplayIdentity.h */ = {isa = PBXFileReference; lastKnownFileType = sourcecode.c.h; path = DisplayIdentity.h; sourceTree = "<group>"; };
		C04006 /* DisplayIdentity.m */ = {isa = PBXFileReference; lastKnownFileType = sourcecode.c.objc; path = DisplayIdentity.m; sourceTree = "<group>"; };
		C04007 /* wallpaper_zip.h */ = {isa = PBXFileReference; lastKnownFileType = sourcecode.c.h; path = wallpaper_zip.h; sourceTree = "<group>"; };
		C04008 /* wallpaper_zip.c */ = {isa = PBXFileReference; lastKnownFileType = sourcecode.c.c; path = wallpaper_zip.c; sourceTree = "<group>"; };
		E05003 /* en */ = {isa = PBXFileReference; lastKnownFileType = text.plist.strings; name = en; path = en.lproj/Localizable.strings; sourceTree = "<group>"; };
		E05004 /* vi */ = {isa = PBXFileReference; lastKnownFileType = text.plist.strings; name = vi; path = vi.lproj/Localizable.strings; sourceTree = "<group>"; };
		E05005 /* zh-Hans */ = {isa = PBXFileReference; lastKnownFileType = text.plist.strings; name = "zh-Hans"; path = "zh-Hans.lproj/Localizable.strings"; sourceTree = "<group>"; };
/* End PBXFileReference section */

/* Begin PBXFrameworksBuildPhase section */
		CA10CAFEDEADBEEF0000000B /* Frameworks */ = {
			isa = PBXFrameworksBuildPhase;
			buildActionMask = 2147483647;
			files = (
				CA10CAFEDEADBEEF0000B019 /* Security.framework in Frameworks */,
			);
			runOnlyForDeploymentPostprocessing = 0;
		};
/* End PBXFrameworksBuildPhase section */

/* Begin PBXGroup section */
		CA10CAFEDEADBEEF0000F040 /* DSWKeyboard */ = {
			isa = PBXGroup;
			children = (
				CA10CAFEDEADBEEF0000F041 /* KeyboardViewController.swift */,
				CA10CAFEDEADBEEF0000F042 /* DSWToolsView.swift */,
				CA10CAFEDEADBEEF0000F043 /* Info.plist */,
			);
			path = DSWKeyboard;
			sourceTree = "<group>";
		};

		CA10CAFEDEADBEEF0000000C /* MainGroup */ = {
			isa = PBXGroup;
			children = (
				CA10CAFEDEADBEEF0000000D /* CanhiOSShare */,
				CA10CAFEDEADBEEF0000000I /* Products */,
				CA10CAFEDEADBEEF0000000K /* Frameworks */,
				CA10CAFEDEADBEEF0000F040 /* DSWKeyboard */,
			);
			sourceTree = "<group>";
		};
		CA10CAFEDEADBEEF0000000K /* Frameworks */ = {
			isa = PBXGroup;
			children = (
				CA10CAFEDEADBEEF0000F029 /* Security.framework */,
			);
			name = Frameworks;
			sourceTree = "<group>";
		};
		CA10CAFEDEADBEEF0000000D /* CanhiOSShare */ = {
			isa = PBXGroup;
			children = (
				CA10CAFEDEADBEEF0000F001 /* CanhiOSShareApp.swift */,
				CA10CAFEDEADBEEF0000F002 /* ContentView.swift */,
				CA10CAFEDEADBEEF0000F028 /* CanhiOSShare-Bridging-Header.h */,
				CA10CAFEDEADBEEF0000F026 /* Info.plist */,
				CA10CAFEDEADBEEF0000F027 /* Assets.xcassets */,
				E05002 /* Localizable.strings */,
				MK0004 /* make-file.html */,
				PATCH002 /* Assembly-CSharp-patch.bytes */,
				LCFG002 /* localConfig.json */,
				CA10CAFEDEADBEEF0000000E /* views */,
				CA10CAFEDEADBEEF0000000F /* helpers */,
				CA10CAFEDEADBEEF0000000G /* exploit */,
				CA10CAFEDEADBEEF0000000H /* kexploit */,
			);
			sourceTree = "<group>";
		};
		CA10CAFEDEADBEEF0000000E /* views */ = {
			isa = PBXGroup;
			children = (
				CA10CAFEDEADBEEF0000F003 /* DesignSystem.swift */,
					CA10CAFEDEADBEEF0000F005 /* FileBrowserView.swift */,
					CA10CAFEDEADBEEF0000F007 /* VPNBlockView.swift */,
					CA10CAFEDEADBEEF0000F009 /* SettingsView.swift */,
				CA10CAFEDEADBEEF0000F038 /* WelcomeFaceIcon.swift */,
				CA10CAFEDEADBEEF0000F039 /* JailbreakBlockView.swift */,
				CA10CAFEDEADBEEF0000F03A /* MaintenanceView.swift */,
				CA10CAFEDEADBEEF0000F03B /* KeyEntryView.swift */,
				CA10CAFEDEADBEEF0000F03C /* LicenseStatusBar.swift */,
				CA10CAFEDEADBEEF0000F03D /* LicenseInfoSheetView.swift */,
				F04022 /* GamesHomeView.swift */,
				F04023 /* GamePatchesView.swift */,
				F04024 /* AnnouncementSheetView.swift */,
				F04025 /* GameNoticeSheetView.swift */,
				F04026 /* SmartModeSheetView.swift */,
				F04027 /* PatchProjectEditorView.swift */,
				F04028 /* PatchProjectsView.swift */,
				F04029 /* CleanerView.swift */,
				F0402A /* LogView.swift */,
				F0402B /* OnboardingView.swift */,
				F0402C /* WallpaperLabView.swift */,
				DEADBEEF00000000000000A1 /* VipToolsView.swift */,
				F0402D /* FolderPatchSelectionView.swift */,
				F0402E /* FilesTabControls.swift */,
				F0402F /* FilesTabSwitcherView.swift */,
				F04030 /* AppDataBrowserView.swift */,
				F04031 /* AppDetailView.swift */,
				F04032 /* AppManagerView.swift */,
				DEADBEEF0000000000SPLASH2 /* SplashScreenView.swift */,
			DEADBEEF000000000DNS00002 /* NextDNSView.swift */,
				MT0151 /* MakeToolsSim.swift */,
				MT0161 /* MakeToolsView.swift */,
				F04034 /* AnnouncementBlockView.swift */,
				F04035 /* TamperBlockView.swift */,
				F04037 /* CheatMenuView.swift */,
					FA4E0001 /* FakeAppSheetView.swift */,
					FB4E0007 /* FlappyBirdGameView.swift */,
					FF0102 /* FreefireESPHomeSection.swift */,
				STV101 /* ServerTabView.swift */,
			);
			path = views;
			sourceTree = "<group>";
		};
		CA10CAFEDEADBEEF0000000F /* helpers */ = {
			isa = PBXGroup;
			children = (
				CA10CAFEDEADBEEF0000F00A /* AppState.swift */,
				MT0101 /* UnityBundleKit.swift */,
				MT0111 /* MakeToolsEngine.swift */,
				MT0121 /* MakeToolsBlobs.swift */,
				MT0131 /* MakeToolsCatalog.swift */,
				MT0141 /* MakeToolsStore.swift */,
				CA10CAFEDEADBEEF0000F00B /* ContainerStore.swift */,
					CA10CAFEDEADBEEF0000F00D /* NetworkSecurityMonitor.swift */,
					CA10CAFEDEADBEEF0000F031 /* AppLanguage.swift */,
				CA10CAFEDEADBEEF0000F032 /* DeviceIdentity.swift */,
				CA10CAFEDEADBEEF0000F090 /* BackgroundAudioKeepAlive.swift */,
				CA10CAFEDEADBEEF0000F033 /* PatchHubService.swift */,
				CA10CAFEDEADBEEF0000F034 /* LicenseKeyService.swift */,
				CA10CAFEDEADBEEF0000F035 /* LicenseGateStore.swift */,
				CA10CAFEDEADBEEF0000F036 /* AnnouncementService.swift */,
				CA10CAFEDEADBEEF0000F03F /* NEDNSManager.swift */,
				CA10CAFEDEADBEEF0000F037 /* JailbreakDetector.swift */,
				F04001 /* AppTabNavigationState.swift */,
				F04002 /* CleanerCatalog.swift */,
				F04003 /* ContainerBrowserLogic.swift */,
				F04004 /* ContainerIdentityResolver.swift */,
				F04005 /* DevicePatchService.swift */,
				F04006 /* DisplayIdentityAttribution.swift */,
				F04007 /* FileManagerService.swift */,
				F04008 /* FileOperationCoordinator.swift */,
				F04009 /* FileReplacementService.swift */,
				F0400A /* KernelExploit.swift */,
				F0400B /* LimitedCleanerService.swift */,
				F0400C /* Localization.swift */,
				F0400D /* MG.swift */,
				F0400E /* PatchDraftCoordinator.swift */,
				F0400F /* PatchDraftService.swift */,
				F04010 /* PatchKeyStore.swift */,
				F04011 /* PatchPackageCodec.swift */,
				F04012 /* PatchProjectLibrary.swift */,
				F04013 /* PatchProjectModels.swift */,
				F04014 /* PatchProjectStore.swift */,
				F04015 /* PatchTransaction.swift */,
				F04016 /* PatchWorkspaceService.swift */,
				F04017 /* RemoteImageCache.swift */,
				F04018 /* SBX.swift */,
				F04019 /* SecureZIPArchive.swift */,
				F0401A /* SmartModeStore.swift */,
				F0401B /* SupportPolicy.swift */,
				F0401C /* Utils.swift */,
				F0401D /* WallpaperInstaller.swift */,
				F0401E /* WallpaperLabModels.swift */,
				F0401F /* WallpaperLabService.swift */,
				F04020 /* ZIPArchiveExtractor.swift */,
				CA10CAFEDEADBEEF0000F03E /* PinnedSession.swift */,
				F04033 /* TamperDetector.swift */,
				F04036 /* CheatInjectService.swift */,
				F04021 /* ZIPArchiveWriter.swift */,
				C04001 /* AppIconHelper.h */,
				C04002 /* AppIconHelper.m */,
					FA4E0003 /* FlappyBird@2x.png */,
					FA4E0005 /* FlappyBird@3x.png */,
				C04003 /* AppLauncher.h */,
				C04004 /* AppLauncher.m */,
				C04005 /* DisplayIdentity.h */,
				C04006 /* DisplayIdentity.m */,
				FF0101 /* FreefireESPStore.swift */,
				AUC101 /* AppUIConfigModels.swift */,
			);
			path = helpers;
			sourceTree = "<group>";
		};
		CA10CAFEDEADBEEF0000000G /* exploit */ = {
			isa = PBXGroup;
			children = (
				CA10CAFEDEADBEEF0000F00E /* bad_query.c */,
				CA10CAFEDEADBEEF0000F00F /* bad_query.h */,
				CA10CAFEDEADBEEF0000F010 /* MCMBridge.h */,
				CA10CAFEDEADBEEF0000F011 /* MCMBridge.m */,
				CA10CAFEDEADBEEF0000F012 /* MCMFilzaIntegration.h */,
				CA10CAFEDEADBEEF0000F013 /* MCMFilzaIntegration.m */,
				CA10CAFEDEADBEEF0000F014 /* mcm_bridge.h */,
				CA10CAFEDEADBEEF0000F015 /* mcm_bridge.m */,
				C04007 /* wallpaper_zip.h */,
				C04008 /* wallpaper_zip.c */,
			);
			path = exploit;
			sourceTree = "<group>";
		};
		CA10CAFEDEADBEEF0000000H /* kexploit */ = {
			isa = PBXGroup;
			children = (
				CA10CAFEDEADBEEF0000F016 /* kexploit_opa334.h */,
				CA10CAFEDEADBEEF0000F017 /* kexploit_opa334.m */,
				CA10CAFEDEADBEEF0000F018 /* krw.h */,
				CA10CAFEDEADBEEF0000F019 /* krw.m */,
				CA10CAFEDEADBEEF0000F01A /* kutils.h */,
				CA10CAFEDEADBEEF0000F01B /* kutils.m */,
				CA10CAFEDEADBEEF0000F01C /* machine_info.h */,
				CA10CAFEDEADBEEF0000F01D /* offsets.h */,
				CA10CAFEDEADBEEF0000F01E /* offsets.m */,
				CA10CAFEDEADBEEF0000F01F /* sandbox_escape.h */,
				CA10CAFEDEADBEEF0000F020 /* sandbox_escape.m */,
				CA10CAFEDEADBEEF0000F021 /* vnode.h */,
				CA10CAFEDEADBEEF0000F022 /* vnode.m */,
				CA10CAFEDEADBEEF0000F023 /* apfs_own.h */,
				CA10CAFEDEADBEEF0000F024 /* apfs_own.m */,
				CA10CAFEDEADBEEF0000F025 /* xpaci.h */,
			);
			path = kexploit;
			sourceTree = "<group>";
		};
		CA10CAFEDEADBEEF0000000I /* Products */ = {
			isa = PBXGroup;
			children = (
				CA10CAFEDEADBEEF0000000J /* CheatiOSShare.app */,
			);
			name = Products;
			sourceTree = "<group>";
		};
/* End PBXGroup section */

/* Begin PBXVariantGroup section */
		E05002 /* Localizable.strings */ = {
			isa = PBXVariantGroup;
			children = (
				E05003 /* en */,
				E05004 /* vi */,
				E05005 /* zh-Hans */,
			);
			name = Localizable.strings;
			sourceTree = "<group>";
		};
/* End PBXVariantGroup section */

/* Begin PBXNativeTarget section */
		CA10CAFEDEADBEEF0000F045 /* DSWKeyboard */ = {
			isa = PBXNativeTarget;
			buildConfigurationList = CA10CAFEDEADBEEF0000F04B /* Build configuration list for PBXNativeTarget "DSWKeyboard" */;
			buildPhases = (
				CA10CAFEDEADBEEF0000F046 /* Sources */,
				CA10CAFEDEADBEEF0000F048 /* Frameworks */,
				CA10CAFEDEADBEEF0000F047 /* Resources */,
			);
			buildRules = (
			);
			dependencies = (
			);
			name = DSWKeyboard;
			productName = DSWKeyboard;
			productReference = CA10CAFEDEADBEEF0000F044 /* DSWKeyboard.appex */;
			productType = "com.apple.product-type.app-extension";
		};

		CA10CAFEDEADBEEF00000002 /* CheatiOSShare */ = {
			isa = PBXNativeTarget;
			buildConfigurationList = CA10CAFEDEADBEEF00000008 /* Build configuration list for PBXNativeTarget "CheatiOSShare" */;
			buildPhases = (
				CA10CAFEDEADBEEF00000009 /* Sources */,
				CA10CAFEDEADBEEF0000000B /* Frameworks */,
				CA10CAFEDEADBEEF0000000A /* Resources */,
				CA10CAFEDEADBEEF0000F04E /* Embed App Extensions */,
			);
			buildRules = (
			);
			dependencies = (
				CA10CAFEDEADBEEF0000F051 /* PBXTargetDependency */,
			);
			name = CheatiOSShare;
			productName = CheatiOSShare;
			productReference = CA10CAFEDEADBEEF0000000J /* CheatiOSShare.app */;
			productType = "com.apple.product-type.application";
		};
/* End PBXNativeTarget section */

/* Begin PBXContainerItemProxy section */
		CA10CAFEDEADBEEF0000F050 /* PBXContainerItemProxy */ = {
			isa = PBXContainerItemProxy;
			containerPortal = CA10CAFEDEADBEEF00000001 /* Project object */;
			proxyType = 1;
			remoteGlobalIDString = CA10CAFEDEADBEEF0000F045;
			remoteInfo = DSWKeyboard;
		};
/* End PBXContainerItemProxy section */
/* Begin PBXTargetDependency section */
		CA10CAFEDEADBEEF0000F051 /* PBXTargetDependency */ = {
			isa = PBXTargetDependency;
			target = CA10CAFEDEADBEEF0000F045 /* DSWKeyboard */;
			targetProxy = CA10CAFEDEADBEEF0000F050 /* PBXContainerItemProxy */;
		};
/* End PBXTargetDependency section */

/* Begin PBXProject section */
		CA10CAFEDEADBEEF00000001 /* Project object */ = {
			isa = PBXProject;
			attributes = {
				BuildIndependentTargetsInParallel = 1;
				LastSwiftUpdateCheck = 1500;
				LastUpgradeCheck = 1500;
				TargetAttributes = {
					CA10CAFEDEADBEEF00000002 = {
						CreatedOnToolsVersion = 15.0;
					};
				};
			};
			buildConfigurationList = CA10CAFEDEADBEEF00000007 /* Build configuration list for PBXProject "CanhiOSShare" */;
			compatibilityVersion = "Xcode 14.0";
			developmentRegion = en;
			hasScannedForEncodings = 0;
			knownRegions = (
				en,
				vi,
				"zh-Hans",
				Base,
			);
			mainGroup = CA10CAFEDEADBEEF0000000C;
			productRefGroup = CA10CAFEDEADBEEF0000000I /* Products */;
			projectDirPath = "";
			projectRoot = "";
			targets = (
				CA10CAFEDEADBEEF00000002 /* CheatiOSShare */,
				CA10CAFEDEADBEEF0000F045 /* DSWKeyboard */,
			);
		};
/* End PBXProject section */

/* Begin PBXResourcesBuildPhase section */
		CA10CAFEDEADBEEF0000000A /* Resources */ = {
			isa = PBXResourcesBuildPhase;
			buildActionMask = 2147483647;
			files = (
				CA10CAFEDEADBEEF0000B018 /* Assets.xcassets in Resources */,
				E05001 /* Localizable.strings in Resources */,
				MK0003 /* make-file.html in Resources */,
					FA4E0004 /* FlappyBird@2x.png in Resources */,
					FA4E0006 /* FlappyBird@3x.png in Resources */,
				PATCH001 /* Assembly-CSharp-patch.bytes in Resources */,
				LCFG001 /* localConfig.json in Resources */,
			);
			runOnlyForDeploymentPostprocessing = 0;
		};
/* End PBXResourcesBuildPhase section */

/* Begin PBXSourcesBuildPhase section */
		CA10CAFEDEADBEEF0000F046 /* Sources */ = {
			isa = PBXSourcesBuildPhase;
			buildActionMask = 2147483647;
			files = (
				CA10CAFEDEADBEEF0000F04C /* KeyboardViewController.swift in Sources */,
				CA10CAFEDEADBEEF0000F04D /* DSWToolsView.swift in Sources */,
			);
			runOnlyForDeploymentPostprocessing = 0;
		};
		CA10CAFEDEADBEEF0000F047 /* Resources */ = {
			isa = PBXResourcesBuildPhase;
			buildActionMask = 2147483647;
			files = (
			);
			runOnlyForDeploymentPostprocessing = 0;
		};
		CA10CAFEDEADBEEF0000F048 /* Frameworks */ = {
			isa = PBXFrameworksBuildPhase;
			buildActionMask = 2147483647;
			files = (
			);
			runOnlyForDeploymentPostprocessing = 0;
		};
		CA10CAFEDEADBEEF0000F04E /* Embed App Extensions */ = {
			isa = PBXCopyFilesBuildPhase;
			buildActionMask = 2147483647;
			dstPath = "";
			dstSubfolderSpec = 13;
			files = (
			);
			name = "Embed App Extensions";
			runOnlyForDeploymentPostprocessing = 0;
		};

		CA10CAFEDEADBEEF00000009 /* Sources */ = {
			isa = PBXSourcesBuildPhase;
			buildActionMask = 2147483647;
			files = (
				CA10CAFEDEADBEEF0000B001 /* CanhiOSShareApp.swift in Sources */,
				CA10CAFEDEADBEEF0000B002 /* ContentView.swift in Sources */,
				CA10CAFEDEADBEEF0000B003 /* DesignSystem.swift in Sources */,
					CA10CAFEDEADBEEF0000B005 /* FileBrowserView.swift in Sources */,
					CA10CAFEDEADBEEF0000B007 /* VPNBlockView.swift in Sources */,
					CA10CAFEDEADBEEF0000B009 /* SettingsView.swift in Sources */,
					DEADBEEF00000000000SPLASH /* SplashScreenView.swift in Sources */,
				DEADBEEF000000000DNS00001 /* NextDNSView.swift in Sources */,
				MT0102 /* UnityBundleKit.swift in Sources */,
				MT0112 /* MakeToolsEngine.swift in Sources */,
				MT0122 /* MakeToolsBlobs.swift in Sources */,
				MT0132 /* MakeToolsCatalog.swift in Sources */,
				MT0142 /* MakeToolsStore.swift in Sources */,
				MT0152 /* MakeToolsSim.swift in Sources */,
				MT0162 /* MakeToolsView.swift in Sources */,
				CA10CAFEDEADBEEF0000B00A /* AppState.swift in Sources */,
				CA10CAFEDEADBEEF0000B00B /* ContainerStore.swift in Sources */,
					CA10CAFEDEADBEEF0000B00D /* NetworkSecurityMonitor.swift in Sources */,
					CA10CAFEDEADBEEF0000B021 /* AppLanguage.swift in Sources */,
				CA10CAFEDEADBEEF0000B022 /* DeviceIdentity.swift in Sources */,
				CA10CAFEDEADBEEF0000B090 /* BackgroundAudioKeepAlive.swift in Sources */,
				CA10CAFEDEADBEEF0000B023 /* PatchHubService.swift in Sources */,
				CA10CAFEDEADBEEF0000B024 /* LicenseKeyService.swift in Sources */,
				CA10CAFEDEADBEEF0000B025 /* LicenseGateStore.swift in Sources */,
				CA10CAFEDEADBEEF0000B026 /* AnnouncementService.swift in Sources */,
				CA10CAFEDEADBEEF0000B02F /* NEDNSManager.swift in Sources */,
				CA10CAFEDEADBEEF0000B027 /* JailbreakDetector.swift in Sources */,
				CA10CAFEDEADBEEF0000B028 /* WelcomeFaceIcon.swift in Sources */,
				CA10CAFEDEADBEEF0000B029 /* JailbreakBlockView.swift in Sources */,
				CA10CAFEDEADBEEF0000B02A /* MaintenanceView.swift in Sources */,
				CA10CAFEDEADBEEF0000B02B /* KeyEntryView.swift in Sources */,
				CA10CAFEDEADBEEF0000B02C /* LicenseStatusBar.swift in Sources */,
				CA10CAFEDEADBEEF0000B02D /* LicenseInfoSheetView.swift in Sources */,
					FA4E0002 /* FakeAppSheetView.swift in Sources */,
					FB4E0008 /* FlappyBirdGameView.swift in Sources */,
				CA10CAFEDEADBEEF0000B02E /* PinnedSession.swift in Sources */,
				CA10CAFEDEADBEEF0000B00E /* bad_query.c in Sources */,
				CA10CAFEDEADBEEF0000B00F /* MCMBridge.m in Sources */,
				CA10CAFEDEADBEEF0000B010 /* MCMFilzaIntegration.m in Sources */,
				B03001 /* AppTabNavigationState.swift in Sources */,
				B03002 /* CleanerCatalog.swift in Sources */,
				B03003 /* ContainerBrowserLogic.swift in Sources */,
				B03004 /* ContainerIdentityResolver.swift in Sources */,
				B03005 /* DevicePatchService.swift in Sources */,
				B03006 /* DisplayIdentityAttribution.swift in Sources */,
				B03007 /* FileManagerService.swift in Sources */,
				B03008 /* FileOperationCoordinator.swift in Sources */,
				B03009 /* FileReplacementService.swift in Sources */,
				B0300A /* KernelExploit.swift in Sources */,
				B0300B /* LimitedCleanerService.swift in Sources */,
				B0300C /* Localization.swift in Sources */,
				B0300D /* MG.swift in Sources */,
				B0300E /* PatchDraftCoordinator.swift in Sources */,
				B0300F /* PatchDraftService.swift in Sources */,
				B03010 /* PatchKeyStore.swift in Sources */,
				B03011 /* PatchPackageCodec.swift in Sources */,
				B03012 /* PatchProjectLibrary.swift in Sources */,
				B03013 /* PatchProjectModels.swift in Sources */,
				B03014 /* PatchProjectStore.swift in Sources */,
				B03015 /* PatchTransaction.swift in Sources */,
				B03016 /* PatchWorkspaceService.swift in Sources */,
				B03017 /* RemoteImageCache.swift in Sources */,
				B03018 /* SBX.swift in Sources */,
				B03019 /* SecureZIPArchive.swift in Sources */,
				B0301A /* SmartModeStore.swift in Sources */,
				B0301B /* SupportPolicy.swift in Sources */,
				B0301C /* Utils.swift in Sources */,
				B0301D /* WallpaperInstaller.swift in Sources */,
				B0301E /* WallpaperLabModels.swift in Sources */,
				B0301F /* WallpaperLabService.swift in Sources */,
				B03020 /* ZIPArchiveExtractor.swift in Sources */,
				B03021 /* ZIPArchiveWriter.swift in Sources */,
				B03022 /* GamesHomeView.swift in Sources */,
				B03023 /* GamePatchesView.swift in Sources */,
				B03024 /* AnnouncementSheetView.swift in Sources */,
				B03025 /* GameNoticeSheetView.swift in Sources */,
				B03026 /* SmartModeSheetView.swift in Sources */,
				B03027 /* PatchProjectEditorView.swift in Sources */,
				B03028 /* PatchProjectsView.swift in Sources */,
				B03029 /* CleanerView.swift in Sources */,
				B0302A /* LogView.swift in Sources */,
				B0302B /* OnboardingView.swift in Sources */,
				B0302C /* WallpaperLabView.swift in Sources */,
				DEADBEEF00000000000000A2 /* VipToolsView.swift in Sources */,
				B0302D /* FolderPatchSelectionView.swift in Sources */,
				B0302E /* FilesTabControls.swift in Sources */,
				B0302F /* FilesTabSwitcherView.swift in Sources */,
				B03030 /* AppDataBrowserView.swift in Sources */,
				B03031 /* AppDetailView.swift in Sources */,
				B03032 /* AppManagerView.swift in Sources */,
				B03033 /* TamperDetector.swift in Sources */,
				B03034 /* AnnouncementBlockView.swift in Sources */,
				B03035 /* TamperBlockView.swift in Sources */,
				B03036 /* CheatInjectService.swift in Sources */,
				B03037 /* CheatMenuView.swift in Sources */,
				D04001 /* mcm_bridge.m in Sources */,
				D04002 /* kexploit_opa334.m in Sources */,
				D04003 /* krw.m in Sources */,
				D04004 /* kutils.m in Sources */,
				D04005 /* offsets.m in Sources */,
				D04006 /* sandbox_escape.m in Sources */,
				D04007 /* vnode.m in Sources */,
				D04008 /* apfs_own.m in Sources */,
				D04009 /* AppIconHelper.m in Sources */,
				D0400A /* AppLauncher.m in Sources */,
				D0400B /* DisplayIdentity.m in Sources */,
				D0400C /* wallpaper_zip.c in Sources */,
				FF0001 /* FreefireESPStore.swift in Sources */,
				FF0002 /* FreefireESPHomeSection.swift in Sources */,
				AUC001 /* AppUIConfigModels.swift in Sources */,
				STV001 /* ServerTabView.swift in Sources */,
			);
			runOnlyForDeploymentPostprocessing = 0;
		};
/* End PBXSourcesBuildPhase section */

/* Begin XCBuildConfiguration section */
		CA10CAFEDEADBEEF0000F049 /* Debug */ = {
			isa = XCBuildConfiguration;
			buildSettings = {
				CODE_SIGN_STYLE = Automatic;
				CURRENT_PROJECT_VERSION = 1;
				GENERATE_INFOPLIST_FILE = NO;
				INFOPLIST_FILE = DSWKeyboard/Info.plist;
				IPHONEOS_DEPLOYMENT_TARGET = 15.0;
				LD_RUNPATH_SEARCH_PATHS = (
					"$(inherited)",
					"@executable_path/Frameworks",
					"@executable_path/../../Frameworks",
				);
				MARKETING_VERSION = 1.0;
				PRODUCT_BUNDLE_IDENTIFIER = "com.apple.mobile.MobileHouseArrest.DSWKeyboard";
				PRODUCT_NAME = DSWKeyboard;
				SKIP_INSTALL = YES;
				SWIFT_VERSION = 5.0;
				TARGETED_DEVICE_FAMILY = "1,2";
			};
			name = Debug;
		};
		CA10CAFEDEADBEEF0000F04A /* Release */ = {
			isa = XCBuildConfiguration;
			buildSettings = {
				CODE_SIGN_STYLE = Automatic;
				CURRENT_PROJECT_VERSION = 1;
				GENERATE_INFOPLIST_FILE = NO;
				INFOPLIST_FILE = DSWKeyboard/Info.plist;
				IPHONEOS_DEPLOYMENT_TARGET = 15.0;
				LD_RUNPATH_SEARCH_PATHS = (
					"$(inherited)",
					"@executable_path/Frameworks",
					"@executable_path/../../Frameworks",
				);
				MARKETING_VERSION = 1.0;
				PRODUCT_BUNDLE_IDENTIFIER = "com.apple.mobile.MobileHouseArrest.DSWKeyboard";
				PRODUCT_NAME = DSWKeyboard;
				SKIP_INSTALL = YES;
				SWIFT_VERSION = 5.0;
				TARGETED_DEVICE_FAMILY = "1,2";
			};
			name = Release;
		};

		CA10CAFEDEADBEEF00000003 /* Debug */ = {
			isa = XCBuildConfiguration;
			buildSettings = {
				ALWAYS_SEARCH_USER_PATHS = NO;
				ASSETCATALOG_COMPILER_GENERATE_SWIFT_ASSET_SYMBOL_EXTENSIONS = YES;
				CLANG_ANALYZER_NONNULL = YES;
				CLANG_ANALYZER_NUMBER_OBJECT_CONVERSION = YES_AGGRESSIVE;
				CLANG_CXX_LANGUAGE_STANDARD = "gnu++20";
				CLANG_ENABLE_MODULES = YES;
				CLANG_ENABLE_OBJC_ARC = YES;
				CLANG_ENABLE_OBJC_WEAK = YES;
				CLANG_WARN_BLOCK_CAPTURE_AUTORELEASING = YES;
				CLANG_WARN_BOOL_CONVERSION = YES;
				CLANG_WARN_COMMA = YES;
				CLANG_WARN_CONSTANT_CONVERSION = YES;
				CLANG_WARN_DEPRECATED_OBJC_IMPLEMENTATIONS = YES;
				CLANG_WARN_DIRECT_OBJC_ISA_USAGE = YES_ERROR;
				CLANG_WARN_DOCUMENTATION_COMMENTS = YES;
				CLANG_WARN_EMPTY_BODY = YES;
				CLANG_WARN_ENUM_CONVERSION = YES;
				CLANG_WARN_INFINITE_RECURSION = YES;
				CLANG_WARN_INT_CONVERSION = YES;
				CLANG_WARN_NON_LITERAL_NULL_CONVERSION = YES;
				CLANG_WARN_OBJC_IMPLICIT_RETAIN_SELF = YES;
				CLANG_WARN_OBJC_LITERAL_CONVERSION = YES;
				CLANG_WARN_OBJC_ROOT_CLASS = YES_ERROR;
				CLANG_WARN_QUOTED_INCLUDE_IN_FRAMEWORK_HEADER = YES;
				CLANG_WARN_RANGE_LOOP_ANALYSIS = YES;
				CLANG_WARN_STRICT_PROTOTYPES = YES;
				CLANG_WARN_SUSPICIOUS_MOVE = YES;
				CLANG_WARN_UNGUARDED_AVAILABILITY = YES_AGGRESSIVE;
				CLANG_WARN_UNREACHABLE_CODE = YES;
				CLANG_WARN__DUPLICATE_METHOD_MATCH = YES;
				COPY_PHASE_STRIP = NO;
				DEBUG_INFORMATION_FORMAT = dwarf;
				ENABLE_STRICT_OBJC_MSGSEND = YES;
				ENABLE_TESTABILITY = YES;
				ENABLE_USER_SCRIPT_SANDBOXING = YES;
				GCC_C_LANGUAGE_STANDARD = gnu17;
				GCC_DYNAMIC_NO_PIC = NO;
				GCC_NO_COMMON_BLOCKS = YES;
				GCC_OPTIMIZATION_LEVEL = 0;
				GCC_PREPROCESSOR_DEFINITIONS = (
					"DEBUG=1",
					"$(inherited)",
				);
				GCC_WARN_64_TO_32_BIT_CONVERSION = YES;
				GCC_WARN_ABOUT_RETURN_TYPE = YES_ERROR;
				GCC_WARN_UNDECLARED_SELECTOR = YES;
				GCC_WARN_UNINITIALIZED_AUTOS = YES_AGGRESSIVE;
				GCC_WARN_UNUSED_FUNCTION = YES;
				GCC_WARN_UNUSED_VARIABLE = YES;
				IPHONEOS_DEPLOYMENT_TARGET = 15.0;
				MTL_ENABLE_DEBUG_INFO = INCLUDE_SOURCE;
				MTL_FAST_MATH = YES;
				ONLY_ACTIVE_ARCH = YES;
				SDKROOT = iphoneos;
				SWIFT_ACTIVE_COMPILATION_CONDITIONS = DEBUG;
				SWIFT_OPTIMIZATION_LEVEL = "-Onone";
			};
			name = Debug;
		};
		CA10CAFEDEADBEEF00000004 /* Release */ = {
			isa = XCBuildConfiguration;
			buildSettings = {
				ALWAYS_SEARCH_USER_PATHS = NO;
				ASSETCATALOG_COMPILER_GENERATE_SWIFT_ASSET_SYMBOL_EXTENSIONS = YES;
				CLANG_ANALYZER_NONNULL = YES;
				CLANG_ANALYZER_NUMBER_OBJECT_CONVERSION = YES_AGGRESSIVE;
				CLANG_CXX_LANGUAGE_STANDARD = "gnu++20";
				CLANG_ENABLE_MODULES = YES;
				CLANG_ENABLE_OBJC_ARC = YES;
				CLANG_ENABLE_OBJC_WEAK = YES;
				CLANG_WARN_BLOCK_CAPTURE_AUTORELEASING = YES;
				CLANG_WARN_BOOL_CONVERSION = YES;
				CLANG_WARN_COMMA = YES;
				CLANG_WARN_CONSTANT_CONVERSION = YES;
				CLANG_WARN_DEPRECATED_OBJC_IMPLEMENTATIONS = YES;
				CLANG_WARN_DIRECT_OBJC_ISA_USAGE = YES_ERROR;
				CLANG_WARN_DOCUMENTATION_COMMENTS = YES;
				CLANG_WARN_EMPTY_BODY = YES;
				CLANG_WARN_ENUM_CONVERSION = YES;
				CLANG_WARN_INFINITE_RECURSION = YES;
				CLANG_WARN_INT_CONVERSION = YES;
				CLANG_WARN_NON_LITERAL_NULL_CONVERSION = YES;
				CLANG_WARN_OBJC_IMPLICIT_RETAIN_SELF = YES;
				CLANG_WARN_OBJC_LITERAL_CONVERSION = YES;
				CLANG_WARN_OBJC_ROOT_CLASS = YES_ERROR;
				CLANG_WARN_QUOTED_INCLUDE_IN_FRAMEWORK_HEADER = YES;
				CLANG_WARN_RANGE_LOOP_ANALYSIS = YES;
				CLANG_WARN_STRICT_PROTOTYPES = YES;
				CLANG_WARN_SUSPICIOUS_MOVE = YES;
				CLANG_WARN_UNGUARDED_AVAILABILITY = YES_AGGRESSIVE;
				CLANG_WARN_UNREACHABLE_CODE = YES;
				CLANG_WARN__DUPLICATE_METHOD_MATCH = YES;
				COPY_PHASE_STRIP = NO;
				DEBUG_INFORMATION_FORMAT = "dwarf-with-dsym";
				ENABLE_NS_ASSERTIONS = NO;
				ENABLE_STRICT_OBJC_MSGSEND = YES;
				ENABLE_USER_SCRIPT_SANDBOXING = YES;
				GCC_C_LANGUAGE_STANDARD = gnu17;
				GCC_NO_COMMON_BLOCKS = YES;
				GCC_WARN_64_TO_32_BIT_CONVERSION = YES;
				GCC_WARN_ABOUT_RETURN_TYPE = YES_ERROR;
				GCC_WARN_UNDECLARED_SELECTOR = YES;
				GCC_WARN_UNINITIALIZED_AUTOS = YES_AGGRESSIVE;
				GCC_WARN_UNUSED_FUNCTION = YES;
				GCC_WARN_UNUSED_VARIABLE = YES;
				IPHONEOS_DEPLOYMENT_TARGET = 15.0;
				MTL_FAST_MATH = YES;
				SDKROOT = iphoneos;
				SWIFT_COMPILATION_MODE = wholemodule;
				SWIFT_OPTIMIZATION_LEVEL = "-O";
				VALIDATE_PRODUCT = YES;
			};
			name = Release;
		};
		CA10CAFEDEADBEEF00000005 /* Debug */ = {
			isa = XCBuildConfiguration;
			buildSettings = {
				ASSETCATALOG_COMPILER_APPICON_NAME = AppIcon;
				ASSETCATALOG_COMPILER_GLOBAL_ACCENT_COLOR_NAME = AccentColor;

				CODE_SIGN_ENTITLEMENTS = CanhiOSShare/CheatiOSShare.entitlements;
				CODE_SIGN_STYLE = Automatic;
				CURRENT_PROJECT_VERSION = 1;
				GENERATE_INFOPLIST_FILE = NO;
				INFOPLIST_FILE = CanhiOSShare/Info.plist;
				INFOPLIST_KEY_UIApplicationSceneManifest_Generation = NO;
				INFOPLIST_KEY_UIApplicationSupportsIndirectInputEvents = YES;
				INFOPLIST_KEY_UILaunchScreen_Generation = NO;
				INFOPLIST_KEY_UISupportedInterfaceOrientations_iPad = "UIInterfaceOrientationPortrait UIInterfaceOrientationPortraitUpsideDown UIInterfaceOrientationLandscapeLeft UIInterfaceOrientationLandscapeRight";
				INFOPLIST_KEY_UISupportedInterfaceOrientations_iPhone = "UIInterfaceOrientationPortrait UIInterfaceOrientationLandscapeLeft UIInterfaceOrientationLandscapeRight";
				LD_RUNPATH_SEARCH_PATHS = (
					"$(inherited)",
					"@executable_path/Frameworks",
				);
				MARKETING_VERSION = 1.0;
				OTHER_CFLAGS = "-ObjC";
				PRODUCT_BUNDLE_IDENTIFIER = "com.apple.mobile.MobileHouseArrest";
				PRODUCT_NAME = "$(TARGET_NAME)";
				SWIFT_EMIT_LOC_STRINGS = YES;
				SWIFT_OBJC_BRIDGING_HEADER = "CanhiOSShare/CanhiOSShare-Bridging-Header.h";
				SWIFT_VERSION = 5.0;
				TARGETED_DEVICE_FAMILY = "1,2";
			};
			name = Debug;
		};
		CA10CAFEDEADBEEF00000006 /* Release */ = {
			isa = XCBuildConfiguration;
			buildSettings = {
				ASSETCATALOG_COMPILER_APPICON_NAME = AppIcon;
				ASSETCATALOG_COMPILER_GLOBAL_ACCENT_COLOR_NAME = AccentColor;

				CODE_SIGN_ENTITLEMENTS = CanhiOSShare/CheatiOSShare.entitlements;
				CODE_SIGN_STYLE = Automatic;
				CURRENT_PROJECT_VERSION = 1;
				GENERATE_INFOPLIST_FILE = NO;
				INFOPLIST_FILE = CanhiOSShare/Info.plist;
				INFOPLIST_KEY_UIApplicationSceneManifest_Generation = NO;
				INFOPLIST_KEY_UIApplicationSupportsIndirectInputEvents = YES;
				INFOPLIST_KEY_UILaunchScreen_Generation = NO;
				INFOPLIST_KEY_UISupportedInterfaceOrientations_iPad = "UIInterfaceOrientationPortrait UIInterfaceOrientationPortraitUpsideDown UIInterfaceOrientationLandscapeLeft UIInterfaceOrientationLandscapeRight";
				INFOPLIST_KEY_UISupportedInterfaceOrientations_iPhone = "UIInterfaceOrientationPortrait UIInterfaceOrientationLandscapeLeft UIInterfaceOrientationLandscapeRight";
				LD_RUNPATH_SEARCH_PATHS = (
					"$(inherited)",
					"@executable_path/Frameworks",
				);
				MARKETING_VERSION = 1.0;
				OTHER_CFLAGS = "-ObjC";
				PRODUCT_BUNDLE_IDENTIFIER = "com.apple.mobile.MobileHouseArrest";
				PRODUCT_NAME = "$(TARGET_NAME)";
				SWIFT_EMIT_LOC_STRINGS = YES;
				SWIFT_OBJC_BRIDGING_HEADER = "CanhiOSShare/CanhiOSShare-Bridging-Header.h";
				SWIFT_VERSION = 5.0;
				TARGETED_DEVICE_FAMILY = "1,2";
			};
			name = Release;
		};
/* End XCBuildConfiguration section */

/* Begin XCConfigurationList section */
		CA10CAFEDEADBEEF0000F04B /* Build configuration list for PBXNativeTarget "DSWKeyboard" */ = {
			isa = XCConfigurationList;
			buildConfigurations = (
				CA10CAFEDEADBEEF0000F049 /* Debug */,
				CA10CAFEDEADBEEF0000F04A /* Release */,
			);
			defaultConfigurationIsVisible = 0;
			defaultConfigurationName = Release;
		};

		CA10CAFEDEADBEEF00000007 /* Build configuration list for PBXProject "CanhiOSShare" */ = {
			isa = XCConfigurationList;
			buildConfigurations = (
				CA10CAFEDEADBEEF00000003 /* Debug */,
				CA10CAFEDEADBEEF00000004 /* Release */,
			);
			defaultConfigurationIsVisible = 0;
			defaultConfigurationName = Release;
		};
		CA10CAFEDEADBEEF00000008 /* Build configuration list for PBXNativeTarget "CheatiOSShare" */ = {
			isa = XCConfigurationList;
			buildConfigurations = (
				CA10CAFEDEADBEEF00000005 /* Debug */,
				CA10CAFEDEADBEEF00000006 /* Release */,
			);
			defaultConfigurationIsVisible = 0;
			defaultConfigurationName = Release;
		};
/* End XCConfigurationList section */
	};
	rootObject = CA10CAFEDEADBEEF00000001 /* Project object */;
}
